PODS:
  - file_access_through_golang (0.0.1):
    - Flutter
  - Flutter (1.0.0)

DEPENDENCIES:
  - file_access_through_golang (from `.symlinks/plugins/file_access_through_golang/ios`)
  - Flutter (from `Flutter`)

EXTERNAL SOURCES:
  file_access_through_golang:
    :path: ".symlinks/plugins/file_access_through_golang/ios"
  Flutter:
    :path: Flutter

SPEC CHECKSUMS:
  file_access_through_golang: 6aa31dabf1e6e47ce86889e57ad0a3dcd122ffa6
  Flutter: e0871f40cf51350855a761d2e70bf5af5b9b5de7

PODFILE CHECKSUM: 819463e6a0290f5a72f145ba7cde16e8b6ef0796

COCOAPODS: 1.15.2
